
Microsoft Visual Studio Solution File, Format Version 12.00
# Visual Studio Version 16
VisualStudioVersion = 16.0.31205.134
MinimumVisualStudioVersion = 10.0.40219.1
Project("{FAE04EC0-301F-11D3-BF4B-00C04F79EFBC}") = "demo", "Demo\demo.csproj", "{78A65295-5DBC-40E3-AEC6-8ADA24411C94}"
EndProject
Project("{FAE04EC0-301F-11D3-BF4B-00C04F79EFBC}") = "demo_test", "demo_test\demo_test.csproj", "{26441F9C-1CF7-4B3B-9AC4-16A68B67F1FB}"
EndProject
Global
	GlobalSection(SolutionConfigurationPlatforms) = preSolution
		Debug|Any CPU = Debug|Any CPU
		Release|Any CPU = Release|Any CPU
	EndGlobalSection
	GlobalSection(ProjectConfigurationPlatforms) = postSolution
		{78A65295-5DBC-40E3-AEC6-8ADA24411C94}.Debug|Any CPU.ActiveCfg = Debug|Any CPU
		{78A65295-5DBC-40E3-AEC6-8ADA24411C94}.Debug|Any CPU.Build.0 = Debug|Any CPU
		{78A65295-5DBC-40E3-AEC6-8ADA24411C94}.Release|Any CPU.ActiveCfg = Release|Any CPU
		{78A65295-5DBC-40E3-AEC6-8ADA24411C94}.Release|Any CPU.Build.0 = Release|Any CPU
		{26441F9C-1CF7-4B3B-9AC4-16A68B67F1FB}.Debug|Any CPU.ActiveCfg = Debug|Any CPU
		{26441F9C-1CF7-4B3B-9AC4-16A68B67F1FB}.Debug|Any CPU.Build.0 = Debug|Any CPU
		{26441F9C-1CF7-4B3B-9AC4-16A68B67F1FB}.Release|Any CPU.ActiveCfg = Release|Any CPU
		{26441F9C-1CF7-4B3B-9AC4-16A68B67F1FB}.Release|Any CPU.Build.0 = Release|Any CPU
	EndGlobalSection
	GlobalSection(SolutionProperties) = preSolution
		HideSolutionNode = FALSE
	EndGlobalSection
	GlobalSection(ExtensibilityGlobals) = postSolution
		SolutionGuid = {EE9EDA21-A115-4C25-9195-E674A01229F2}
	EndGlobalSection
EndGlobal
